
Microsoft Visual Studio Solution File, Format Version 12.00
# Visual Studio Version 17
VisualStudioVersion = 17.8.34316.72
MinimumVisualStudioVersion = 10.0.40219.1
Project("{FAE04EC0-301F-11D3-BF4B-00C04F79EFBC}") = "MongoWeb", "MongoWeb\MongoWeb.csproj", "{B2A94C65-62F3-4EA0-8D46-D0926CE353A4}"
EndProject
Global
	GlobalSection(SolutionConfigurationPlatforms) = preSolution
		Debug|Any CPU = Debug|Any CPU
		Release|Any CPU = Release|Any CPU
	EndGlobalSection
	GlobalSection(ProjectConfigurationPlatforms) = postSolution
		{B2A94C65-62F3-4EA0-8D46-D0926CE353A4}.Debug|Any CPU.ActiveCfg = Debug|Any CPU
		{B2A94C65-62F3-4EA0-8D46-D0926CE353A4}.Debug|Any CPU.Build.0 = Debug|Any CPU
		{B2A94C65-62F3-4EA0-8D46-D0926CE353A4}.Release|Any CPU.ActiveCfg = Release|Any CPU
		{B2A94C65-62F3-4EA0-8D46-D0926CE353A4}.Release|Any CPU.Build.0 = Release|Any CPU
	EndGlobalSection
	GlobalSection(SolutionProperties) = preSolution
		HideSolutionNode = FALSE
	EndGlobalSection
	GlobalSection(ExtensibilityGlobals) = postSolution
		SolutionGuid = {5A4C1344-9653-46D3-82F7-BE286ED2380E}
	EndGlobalSection
EndGlobal
